# This file is automatically @generated by Cargo.
# It is not intended for manual editing.
version = 4

[[package]]
name = "sharded-offset-map"
version = "0.2.0"
dependencies = [
 "sharded-vec-writer",
]

[[package]]
name = "sharded-vec-writer"
version = "0.3.0"
source = "registry+https://github.com/rust-lang/crates.io-index"
checksum = "b0e1e51ad52f9ead5d806e61860fd595da6c76f061a6324bd13aa4f437a29681"
